<?xml version="1.0" encoding="utf-8"?>
<Project ToolsVersion="4.0" xmlns="http://schemas.microsoft.com/developer/msbuild/2003">
  <ItemGroup>
    <ClCompile Include="CreateUI.cpp" />
    <ClCompile Include="Hider.cpp" />
    <ClCompile Include="Stenography.cpp" />
    <ClCompile Include="LoadingHelper.cpp" />
  </ItemGroup>
  <ItemGroup>
    <ClInclude Include="CreateUI.h" />
    <ClInclude Include="framework.h" />
    <ClInclude Include="Hider.h" />
    <ClInclude Include="LoadingHelper.h" />
    <ClInclude Include="Resource.h" />
    <ClInclude Include="Stenography.h" />
    <ClInclude Include="targetver.h" />
  </ItemGroup>
  <ItemGroup>
    <ResourceCompile Include="Hider.rc" />
  </ItemGroup>
  <ItemGroup>
    <Image Include="picture.ico" />
    <Image Include="small.ico" />
    <Image Include="poisson.bmp" />
  </ItemGroup>
</Project>